
Microsoft Visual Studio Solution File, Format Version 12.00
# Visual Studio 2013
VisualStudioVersion = 12.0.30723.0
MinimumVisualStudioVersion = 10.0.40219.1
Project("{FAE04EC0-301F-11D3-BF4B-00C04F79EFBC}") = "IssueTracker", "IssueTracker\IssueTracker.csproj", "{8E08D20B-C127-4134-B154-BB3921E87D94}"
EndProject
Project("{FAE04EC0-301F-11D3-BF4B-00C04F79EFBC}") = "IssueTracker.Tests", "IssueTracker.Tests\IssueTracker.Tests.csproj", "{E6E56F07-31B0-49AF-950C-E331B9CB0724}"
EndProject
Global
	GlobalSection(SolutionConfigurationPlatforms) = preSolution
		Debug|Any CPU = Debug|Any CPU
		Release|Any CPU = Release|Any CPU
	EndGlobalSection
	GlobalSection(ProjectConfigurationPlatforms) = postSolution
		{8E08D20B-C127-4134-B154-BB3921E87D94}.Debug|Any CPU.ActiveCfg = Debug|Any CPU
		{8E08D20B-C127-4134-B154-BB3921E87D94}.Debug|Any CPU.Build.0 = Debug|Any CPU
		{8E08D20B-C127-4134-B154-BB3921E87D94}.Release|Any CPU.ActiveCfg = Release|Any CPU
		{8E08D20B-C127-4134-B154-BB3921E87D94}.Release|Any CPU.Build.0 = Release|Any CPU
		{E6E56F07-31B0-49AF-950C-E331B9CB0724}.Debug|Any CPU.ActiveCfg = Debug|Any CPU
		{E6E56F07-31B0-49AF-950C-E331B9CB0724}.Debug|Any CPU.Build.0 = Debug|Any CPU
		{E6E56F07-31B0-49AF-950C-E331B9CB0724}.Release|Any CPU.ActiveCfg = Release|Any CPU
		{E6E56F07-31B0-49AF-950C-E331B9CB0724}.Release|Any CPU.Build.0 = Release|Any CPU
	EndGlobalSection
	GlobalSection(SolutionProperties) = preSolution
		HideSolutionNode = FALSE
	EndGlobalSection
EndGlobal
